
Microsoft Visual Studio Solution File, Format Version 12.00
# Visual Studio Version 16
VisualStudioVersion = 16.0.30503.244
MinimumVisualStudioVersion = 10.0.40219.1
Project("{FAE04EC0-301F-11D3-BF4B-00C04F79EFBC}") = "agar-server", "agar-server.csproj", "{2EC10ADD-4095-42CA-9D11-0A668611234B}"
EndProject
Global
	GlobalSection(SolutionConfigurationPlatforms) = preSolution
		Debug|Any CPU = Debug|Any CPU
		Release|Any CPU = Release|Any CPU
	EndGlobalSection
	GlobalSection(ProjectConfigurationPlatforms) = postSolution
		{2EC10ADD-4095-42CA-9D11-0A668611234B}.Debug|Any CPU.ActiveCfg = Debug|Any CPU
		{2EC10ADD-4095-42CA-9D11-0A668611234B}.Debug|Any CPU.Build.0 = Debug|Any CPU
		{2EC10ADD-4095-42CA-9D11-0A668611234B}.Release|Any CPU.ActiveCfg = Release|Any CPU
		{2EC10ADD-4095-42CA-9D11-0A668611234B}.Release|Any CPU.Build.0 = Release|Any CPU
	EndGlobalSection
	GlobalSection(SolutionProperties) = preSolution
		HideSolutionNode = FALSE
	EndGlobalSection
	GlobalSection(ExtensibilityGlobals) = postSolution
		SolutionGuid = {B9EBE290-A376-4DD7-BA40-395076FA342A}
	EndGlobalSection
EndGlobal
